{
  "name": "jexl-functions",
  "version": "1.0.0",
  "lockfileVersion": 2,
  "requires": true,
  "packages": {
    "": {
      "version": "1.0.0",
      "license": "ISC",
      "dependencies": {
        "@formulajs/formulajs": "^2.7.1"
      }
    },
    "node_modules/@formulajs/formulajs": {
      "version": "2.7.1",
      "resolved": "https://registry.npmjs.org/@formulajs/formulajs/-/formulajs-2.7.1.tgz",
      "integrity": "sha512-fxEpDM8PYsLJyhI0cyJfffdXwUccInYzGN+f2ltpJ+NFTP9ANQg7n+y3yz4ex6bh1c2+jlwD1/w5mWIPD8ZJvA==",
      "dependencies": {
        "bessel": "^1.0.2",
        "jstat": "^1.9.2"
      },
      "bin": {
        "implementation-stats": "bin/implementation-stats"
      }
    },
    "node_modules/bessel": {
      "version": "1.0.2",
      "resolved": "https://registry.npmjs.org/bessel/-/bessel-1.0.2.tgz",
      "integrity": "sha512-Al3nHGQGqDYqqinXhQzmwmcRToe/3WyBv4N8aZc5Pef8xw2neZlR9VPi84Sa23JtgWcucu18HxVZrnI0fn2etw==",
      "engines": {
        "node": ">=0.8"
      }
    },
    "node_modules/jstat": {
      "version": "1.9.5",
      "resolved": "https://registry.npmjs.org/jstat/-/jstat-1.9.5.tgz",
      "integrity": "sha512-cWnp4vObF5GmB2XsIEzxI/1ZTcYlcfNqxQ/9Fp5KFUa0Jf/4tO0ZkGVnqoEHDisJvYgvn5n3eWZbd2xTVJJPUQ=="
    }
  },
  "dependencies": {
    "@formulajs/formulajs": {
      "version": "2.7.1",
      "resolved": "https://registry.npmjs.org/@formulajs/formulajs/-/formulajs-2.7.1.tgz",
      "integrity": "sha512-fxEpDM8PYsLJyhI0cyJfffdXwUccInYzGN+f2ltpJ+NFTP9ANQg7n+y3yz4ex6bh1c2+jlwD1/w5mWIPD8ZJvA==",
      "requires": {
        "bessel": "^1.0.2",
        "jstat": "^1.9.2"
      }
    },
    "bessel": {
      "version": "1.0.2",
      "resolved": "https://registry.npmjs.org/bessel/-/bessel-1.0.2.tgz",
      "integrity": "sha512-Al3nHGQGqDYqqinXhQzmwmcRToe/3WyBv4N8aZc5Pef8xw2neZlR9VPi84Sa23JtgWcucu18HxVZrnI0fn2etw=="
    },
    "jstat": {
      "version": "1.9.5",
      "resolved": "https://registry.npmjs.org/jstat/-/jstat-1.9.5.tgz",
      "integrity": "sha512-cWnp4vObF5GmB2XsIEzxI/1ZTcYlcfNqxQ/9Fp5KFUa0Jf/4tO0ZkGVnqoEHDisJvYgvn5n3eWZbd2xTVJJPUQ=="
    }
  }
}
