{
  "name": "@digifi/jexl-functions",
  "version": "1.0.3",
  "lockfileVersion": 2,
  "requires": true,
  "packages": {
    "": {
      "name": "@digifi/jexl-functions",
      "version": "1.0.3",
      "license": "ISC",
      "dependencies": {
        "@formulajs/formulajs": "^2.7.1",
        "lodash": "^4.17.21",
        "moment": "^2.29.1"
      },
      "devDependencies": {
        "@types/lodash": "^4.14.182",
        "typescript": "^4.5.4"
      }
    },
    "node_modules/@formulajs/formulajs": {
      "version": "2.7.1",
      "resolved": "https://registry.npmjs.org/@formulajs/formulajs/-/formulajs-2.7.1.tgz",
      "integrity": "sha512-fxEpDM8PYsLJyhI0cyJfffdXwUccInYzGN+f2ltpJ+NFTP9ANQg7n+y3yz4ex6bh1c2+jlwD1/w5mWIPD8ZJvA==",
      "dependencies": {
        "bessel": "^1.0.2",
        "jstat": "^1.9.2"
      },
      "bin": {
        "implementation-stats": "bin/implementation-stats"
      }
    },
    "node_modules/@types/lodash": {
      "version": "4.14.182",
      "resolved": "https://registry.npmjs.org/@types/lodash/-/lodash-4.14.182.tgz",
      "integrity": "sha512-/THyiqyQAP9AfARo4pF+aCGcyiQ94tX/Is2I7HofNRqoYLgN1PBoOWu2/zTA5zMxzP5EFutMtWtGAFRKUe961Q==",
      "dev": true
    },
    "node_modules/bessel": {
      "version": "1.0.2",
      "resolved": "https://registry.npmjs.org/bessel/-/bessel-1.0.2.tgz",
      "integrity": "sha512-Al3nHGQGqDYqqinXhQzmwmcRToe/3WyBv4N8aZc5Pef8xw2neZlR9VPi84Sa23JtgWcucu18HxVZrnI0fn2etw==",
      "engines": {
        "node": ">=0.8"
      }
    },
    "node_modules/jstat": {
      "version": "1.9.5",
      "resolved": "https://registry.npmjs.org/jstat/-/jstat-1.9.5.tgz",
      "integrity": "sha512-cWnp4vObF5GmB2XsIEzxI/1ZTcYlcfNqxQ/9Fp5KFUa0Jf/4tO0ZkGVnqoEHDisJvYgvn5n3eWZbd2xTVJJPUQ=="
    },
    "node_modules/lodash": {
      "version": "4.17.21",
      "resolved": "https://registry.npmjs.org/lodash/-/lodash-4.17.21.tgz",
      "integrity": "sha512-v2kDEe57lecTulaDIuNTPy3Ry4gLGJ6Z1O3vE1krgXZNrsQ+LFTGHVxVjcXPs17LhbZVGedAJv8XZ1tvj5FvSg=="
    },
    "node_modules/moment": {
      "version": "2.29.1",
      "resolved": "https://registry.npmjs.org/moment/-/moment-2.29.1.tgz",
      "integrity": "sha512-kHmoybcPV8Sqy59DwNDY3Jefr64lK/by/da0ViFcuA4DH0vQg5Q6Ze5VimxkfQNSC+Mls/Kx53s7TjP1RhFEDQ==",
      "engines": {
        "node": "*"
      }
    },
    "node_modules/typescript": {
      "version": "4.5.4",
      "resolved": "https://registry.npmjs.org/typescript/-/typescript-4.5.4.tgz",
      "integrity": "sha512-VgYs2A2QIRuGphtzFV7aQJduJ2gyfTljngLzjpfW9FoYZF6xuw1W0vW9ghCKLfcWrCFxK81CSGRAvS1pn4fIUg==",
      "dev": true,
      "bin": {
        "tsc": "bin/tsc",
        "tsserver": "bin/tsserver"
      },
      "engines": {
        "node": ">=4.2.0"
      }
    }
  },
  "dependencies": {
    "@formulajs/formulajs": {
      "version": "2.7.1",
      "resolved": "https://registry.npmjs.org/@formulajs/formulajs/-/formulajs-2.7.1.tgz",
      "integrity": "sha512-fxEpDM8PYsLJyhI0cyJfffdXwUccInYzGN+f2ltpJ+NFTP9ANQg7n+y3yz4ex6bh1c2+jlwD1/w5mWIPD8ZJvA==",
      "requires": {
        "bessel": "^1.0.2",
        "jstat": "^1.9.2"
      }
    },
    "@types/lodash": {
      "version": "4.14.182",
      "resolved": "https://registry.npmjs.org/@types/lodash/-/lodash-4.14.182.tgz",
      "integrity": "sha512-/THyiqyQAP9AfARo4pF+aCGcyiQ94tX/Is2I7HofNRqoYLgN1PBoOWu2/zTA5zMxzP5EFutMtWtGAFRKUe961Q==",
      "dev": true
    },
    "bessel": {
      "version": "1.0.2",
      "resolved": "https://registry.npmjs.org/bessel/-/bessel-1.0.2.tgz",
      "integrity": "sha512-Al3nHGQGqDYqqinXhQzmwmcRToe/3WyBv4N8aZc5Pef8xw2neZlR9VPi84Sa23JtgWcucu18HxVZrnI0fn2etw=="
    },
    "jstat": {
      "version": "1.9.5",
      "resolved": "https://registry.npmjs.org/jstat/-/jstat-1.9.5.tgz",
      "integrity": "sha512-cWnp4vObF5GmB2XsIEzxI/1ZTcYlcfNqxQ/9Fp5KFUa0Jf/4tO0ZkGVnqoEHDisJvYgvn5n3eWZbd2xTVJJPUQ=="
    },
    "lodash": {
      "version": "4.17.21",
      "resolved": "https://registry.npmjs.org/lodash/-/lodash-4.17.21.tgz",
      "integrity": "sha512-v2kDEe57lecTulaDIuNTPy3Ry4gLGJ6Z1O3vE1krgXZNrsQ+LFTGHVxVjcXPs17LhbZVGedAJv8XZ1tvj5FvSg=="
    },
    "moment": {
      "version": "2.29.1",
      "resolved": "https://registry.npmjs.org/moment/-/moment-2.29.1.tgz",
      "integrity": "sha512-kHmoybcPV8Sqy59DwNDY3Jefr64lK/by/da0ViFcuA4DH0vQg5Q6Ze5VimxkfQNSC+Mls/Kx53s7TjP1RhFEDQ=="
    },
    "typescript": {
      "version": "4.5.4",
      "resolved": "https://registry.npmjs.org/typescript/-/typescript-4.5.4.tgz",
      "integrity": "sha512-VgYs2A2QIRuGphtzFV7aQJduJ2gyfTljngLzjpfW9FoYZF6xuw1W0vW9ghCKLfcWrCFxK81CSGRAvS1pn4fIUg==",
      "dev": true
    }
  }
}
